// !$*UTF8*$!
{
	archiveVersion = 1;
	classes = {
	};
	objectVersion = 77;
	objects = {

/* Begin PBXContainerItemProxy section */
		6B7183352D3A3F4F004C6DEA /* PBXContainerItemProxy */ = {
			isa = PBXContainerItemProxy;
			containerPortal = 6B71831C2D3A3F4D004C6DEA /* Project object */;
			proxyType = 1;
			remoteGlobalIDString = 6B7183232D3A3F4D004C6DEA;
			remoteInfo = ExpensesTracker;
		};
		6B71833F2D3A3F4F004C6DEA /* PBXContainerItemProxy */ = {
			isa = PBXContainerItemProxy;
			containerPortal = 6B71831C2D3A3F4D004C6DEA /* Project object */;
			proxyType = 1;
			remoteGlobalIDString = 6B7183232D3A3F4D004C6DEA;
			remoteInfo = ExpensesTracker;
		};
/* End PBXContainerItemProxy section */

/* Begin PBXFileReference section */
		6B7183242D3A3F4D004C6DEA /* ExpensesTracker.app */ = {isa = PBXFileReference; explicitFileType = wrapper.application; includeInIndex = 0; path = ExpensesTracker.app; sourceTree = BUILT_PRODUCTS_DIR; };
		6B7183342D3A3F4F004C6DEA /* ExpensesTrackerTests.xctest */ = {isa = PBXFileReference; explicitFileType = wrapper.cfbundle; includeInIndex = 0; path = ExpensesTrackerTests.xctest; sourceTree = BUILT_PRODUCTS_DIR; };
		6B71833E2D3A3F4F004C6DEA /* ExpensesTrackerUITests.xctest */ = {isa = PBXFileReference; explicitFileType = wrapper.cfbundle; includeInIndex = 0; path = ExpensesTrackerUITests.xctest; sourceTree = BUILT_PRODUCTS_DIR; };
/* End PBXFileReference section */

/* Begin PBXFileSystemSynchronizedRootGroup section */
		6B7183262D3A3F4D004C6DEA /* ExpensesTracker */ = {
			isa = PBXFileSystemSynchronizedRootGroup;
			path = ExpensesTracker;
			sourceTree = "<group>";
		};
		6B7183372D3A3F4F004C6DEA /* ExpensesTrackerTests */ = {
			isa = PBXFileSystemSynchronizedRootGroup;
			path = ExpensesTrackerTests;
			sourceTree = "<group>";
		};
		6B7183412D3A3F4F004C6DEA /* ExpensesTrackerUITests */ = {
			isa = PBXFileSystemSynchronizedRootGroup;
			path = ExpensesTrackerUITests;
			sourceTree = "<group>";
		};
/* End PBXFileSystemSynchronizedRootGroup section */

/* Begin PBXFrameworksBuildPhase section */
		6B7183212D3A3F4D004C6DEA /* Frameworks */ = {
			isa = PBXFrameworksBuildPhase;
			buildActionMask = 2147483647;
			files = (
			);
			runOnlyForDeploymentPostprocessing = 0;
		};
		6B7183312D3A3F4F004C6DEA /* Frameworks */ = {
			isa = PBXFrameworksBuildPhase;
			buildActionMask = 2147483647;
			files = (
			);
			runOnlyForDeploymentPostprocessing = 0;
		};
		6B71833B2D3A3F4F004C6DEA /* Frameworks */ = {
			isa = PBXFrameworksBuildPhase;
			buildActionMask = 2147483647;
			files = (
			);
			runOnlyForDeploymentPostprocessing = 0;
		};
/* End PBXFrameworksBuildPhase section */

/* Begin PBXGroup section */
		6B71831B2D3A3F4D004C6DEA = {
			isa = PBXGroup;
			children = (
				6B7183262D3A3F4D004C6DEA /* ExpensesTracker */,
				6B7183372D3A3F4F004C6DEA /* ExpensesTrackerTests */,
				6B7183412D3A3F4F004C6DEA /* ExpensesTrackerUITests */,
				6B7183252D3A3F4D004C6DEA /* Products */,
			);
			sourceTree = "<group>";
		};
		6B7183252D3A3F4D004C6DEA /* Products */ = {
			isa = PBXGroup;
			children = (
				6B7183242D3A3F4D004C6DEA /* ExpensesTracker.app */,
				6B7183342D3A3F4F004C6DEA /* ExpensesTrackerTests.xctest */,
				6B71833E2D3A3F4F004C6DEA /* ExpensesTrackerUITests.xctest */,
			);
			name = Products;
			sourceTree = "<group>";
		};
/* End PBXGroup section */

/* Begin PBXNativeTarget section */
		6B7183232D3A3F4D004C6DEA /* ExpensesTracker */ = {
			isa = PBXNativeTarget;
			buildConfigurationList = 6B7183482D3A3F4F004C6DEA /* Build configuration list for PBXNativeTarget "ExpensesTracker" */;
			buildPhases = (
				6B7183202D3A3F4D004C6DEA /* Sources */,
				6B7183212D3A3F4D004C6DEA /* Frameworks */,
				6B7183222D3A3F4D004C6DEA /* Resources */,
			);
			buildRules = (
			);
			dependencies = (
			);
			fileSystemSynchronizedGroups = (
				6B7183262D3A3F4D004C6DEA /* ExpensesTracker */,
			);
			name = ExpensesTracker;
			packageProductDependencies = (
			);
			productName = ExpensesTracker;
			productReference = 6B7183242D3A3F4D004C6DEA /* ExpensesTracker.app */;
			productType = "com.apple.product-type.application";
		};
		6B7183332D3A3F4F004C6DEA /* ExpensesTrackerTests */ = {
			isa = PBXNativeTarget;
			buildConfigurationList = 6B71834B2D3A3F4F004C6DEA /* Build configuration list for PBXNativeTarget "ExpensesTrackerTests" */;
			buildPhases = (
				6B7183302D3A3F4F004C6DEA /* Sources */,
				6B7183312D3A3F4F004C6DEA /* Frameworks */,
				6B7183322D3A3F4F004C6DEA /* Resources */,
			);
			buildRules = (
			);
			dependencies = (
				6B7183362D3A3F4F004C6DEA /* PBXTargetDependency */,
			);
			fileSystemSynchronizedGroups = (
				6B7183372D3A3F4F004C6DEA /* ExpensesTrackerTests */,
			);
			name = ExpensesTrackerTests;
			packageProductDependencies = (
			);
			productName = ExpensesTrackerTests;
			productReference = 6B7183342D3A3F4F004C6DEA /* ExpensesTrackerTests.xctest */;
			productType = "com.apple.product-type.bundle.unit-test";
		};
		6B71833D2D3A3F4F004C6DEA /* ExpensesTrackerUITests */ = {
			isa = PBXNativeTarget;
			buildConfigurationList = 6B71834E2D3A3F4F004C6DEA /* Build configuration list for PBXNativeTarget "ExpensesTrackerUITests" */;
			buildPhases = (
				6B71833A2D3A3F4F004C6DEA /* Sources */,
				6B71833B2D3A3F4F004C6DEA /* Frameworks */,
				6B71833C2D3A3F4F004C6DEA /* Resources */,
			);
			buildRules = (
			);
			dependencies = (
				6B7183402D3A3F4F004C6DEA /* PBXTargetDependency */,
			);
			fileSystemSynchronizedGroups = (
				6B7183412D3A3F4F004C6DEA /* ExpensesTrackerUITests */,
			);
			name = ExpensesTrackerUITests;
			packageProductDependencies = (
			);
			productName = ExpensesTrackerUITests;
			productReference = 6B71833E2D3A3F4F004C6DEA /* ExpensesTrackerUITests.xctest */;
			productType = "com.apple.product-type.bundle.ui-testing";
		};
/* End PBXNativeTarget section */

/* Begin PBXProject section */
		6B71831C2D3A3F4D004C6DEA /* Project object */ = {
			isa = PBXProject;
			attributes = {
				BuildIndependentTargetsInParallel = 1;
				LastSwiftUpdateCheck = 1620;
				LastUpgradeCheck = 1620;
				TargetAttributes = {
					6B7183232D3A3F4D004C6DEA = {
						CreatedOnToolsVersion = 16.2;
					};
					6B7183332D3A3F4F004C6DEA = {
						CreatedOnToolsVersion = 16.2;
						TestTargetID = 6B7183232D3A3F4D004C6DEA;
					};
					6B71833D2D3A3F4F004C6DEA = {
						CreatedOnToolsVersion = 16.2;
						TestTargetID = 6B7183232D3A3F4D004C6DEA;
					};
				};
			};
			buildConfigurationList = 6B71831F2D3A3F4D004C6DEA /* Build configuration list for PBXProject "ExpensesTracker" */;
			developmentRegion = en;
			hasScannedForEncodings = 0;
			knownRegions = (
				en,
				Base,
			);
			mainGroup = 6B71831B2D3A3F4D004C6DEA;
			minimizedProjectReferenceProxies = 1;
			preferredProjectObjectVersion = 77;
			productRefGroup = 6B7183252D3A3F4D004C6DEA /* Products */;
			projectDirPath = "";
			projectRoot = "";
			targets = (
				6B7183232D3A3F4D004C6DEA /* ExpensesTracker */,
				6B7183332D3A3F4F004C6DEA /* ExpensesTrackerTests */,
				6B71833D2D3A3F4F004C6DEA /* ExpensesTrackerUITests */,
			);
		};
/* End PBXProject section */

/* Begin PBXResourcesBuildPhase section */
		6B7183222D3A3F4D004C6DEA /* Resources */ = {
			isa = PBXResourcesBuildPhase;
			buildActionMask = 2147483647;
			files = (
			);
			runOnlyForDeploymentPostprocessing = 0;
		};
		6B7183322D3A3F4F004C6DEA /* Resources */ = {
			isa = PBXResourcesBuildPhase;
			buildActionMask = 2147483647;
			files = (
			);
			runOnlyForDeploymentPostprocessing = 0;
		};
		6B71833C2D3A3F4F004C6DEA /* Resources */ = {
			isa = PBXResourcesBuildPhase;
			buildActionMask = 2147483647;
			files = (
			);
			runOnlyForDeploymentPostprocessing = 0;
		};
/* End PBXResourcesBuildPhase section */

/* Begin PBXSourcesBuildPhase section */
		6B7183202D3A3F4D004C6DEA /* Sources */ = {
			isa = PBXSourcesBuildPhase;
			buildActionMask = 2147483647;
			files = (
			);
			runOnlyForDeploymentPostprocessing = 0;
		};
		6B7183302D3A3F4F004C6DEA /* Sources */ = {
			isa = PBXSourcesBuildPhase;
			buildActionMask = 2147483647;
			files = (
			);
			runOnlyForDeploymentPostprocessing = 0;
		};
		6B71833A2D3A3F4F004C6DEA /* Sources */ = {
			isa = PBXSourcesBuildPhase;
			buildActionMask = 2147483647;
			files = (
			);
			runOnlyForDeploymentPostprocessing = 0;
		};
/* End PBXSourcesBuildPhase section */

/* Begin PBXTargetDependency section */
		6B7183362D3A3F4F004C6DEA /* PBXTargetDependency */ = {
			isa = PBXTargetDependency;
			target = 6B7183232D3A3F4D004C6DEA /* ExpensesTracker */;
			targetProxy = 6B7183352D3A3F4F004C6DEA /* PBXContainerItemProxy */;
		};
		6B7183402D3A3F4F004C6DEA /* PBXTargetDependency */ = {
			isa = PBXTargetDependency;
			target = 6B7183232D3A3F4D004C6DEA /* ExpensesTracker */;
			targetProxy = 6B71833F2D3A3F4F004C6DEA /* PBXContainerItemProxy */;
		};
/* End PBXTargetDependency section */

/* Begin XCBuildConfiguration section */
		6B7183462D3A3F4F004C6DEA /* Debug */ = {
			isa = XCBuildConfiguration;
			buildSettings = {
				ALWAYS_SEARCH_USER_PATHS = NO;
				ASSETCATALOG_COMPILER_GENERATE_SWIFT_ASSET_SYMBOL_EXTENSIONS = YES;
				CLANG_ANALYZER_NONNULL = YES;
				CLANG_ANALYZER_NUMBER_OBJECT_CONVERSION = YES_AGGRESSIVE;
				CLANG_CXX_LANGUAGE_STANDARD = "gnu++20";
				CLANG_ENABLE_MODULES = YES;
				CLANG_ENABLE_OBJC_ARC = YES;
				CLANG_ENABLE_OBJC_WEAK = YES;
				CLANG_WARN_BLOCK_CAPTURE_AUTORELEASING = YES;
				CLANG_WARN_BOOL_CONVERSION = YES;
				CLANG_WARN_COMMA = YES;
				CLANG_WARN_CONSTANT_CONVERSION = YES;
				CLANG_WARN_DEPRECATED_OBJC_IMPLEMENTATIONS = YES;
				CLANG_WARN_DIRECT_OBJC_ISA_USAGE = YES_ERROR;
				CLANG_WARN_DOCUMENTATION_COMMENTS = YES;
				CLANG_WARN_EMPTY_BODY = YES;
				CLANG_WARN_ENUM_CONVERSION = YES;
				CLANG_WARN_INFINITE_RECURSION = YES;
				CLANG_WARN_INT_CONVERSION = YES;
				CLANG_WARN_NON_LITERAL_NULL_CONVERSION = YES;
				CLANG_WARN_OBJC_IMPLICIT_RETAIN_SELF = YES;
				CLANG_WARN_OBJC_LITERAL_CONVERSION = YES;
				CLANG_WARN_OBJC_ROOT_CLASS = YES_ERROR;
				CLANG_WARN_QUOTED_INCLUDE_IN_FRAMEWORK_HEADER = YES;
				CLANG_WARN_RANGE_LOOP_ANALYSIS = YES;
				CLANG_WARN_STRICT_PROTOTYPES = YES;
				CLANG_WARN_SUSPICIOUS_MOVE = YES;
				CLANG_WARN_UNGUARDED_AVAILABILITY = YES_AGGRESSIVE;
				CLANG_WARN_UNREACHABLE_CODE = YES;
				CLANG_WARN__DUPLICATE_METHOD_MATCH = YES;
				COPY_PHASE_STRIP = NO;
				DEBUG_INFORMATION_FORMAT = dwarf;
				ENABLE_STRICT_OBJC_MSGSEND = YES;
				ENABLE_TESTABILITY = YES;
				ENABLE_USER_SCRIPT_SANDBOXING = YES;
				GCC_C_LANGUAGE_STANDARD = gnu17;
				GCC_DYNAMIC_NO_PIC = NO;
				GCC_NO_COMMON_BLOCKS = YES;
				GCC_OPTIMIZATION_LEVEL = 0;
				GCC_PREPROCESSOR_DEFINITIONS = (
					"DEBUG=1",
					"$(inherited)",
				);
				GCC_WARN_64_TO_32_BIT_CONVERSION = YES;
				GCC_WARN_ABOUT_RETURN_TYPE = YES_ERROR;
				GCC_WARN_UNDECLARED_SELECTOR = YES;
				GCC_WARN_UNINITIALIZED_AUTOS = YES_AGGRESSIVE;
				GCC_WARN_UNUSED_FUNCTION = YES;
				GCC_WARN_UNUSED_VARIABLE = YES;
				IPHONEOS_DEPLOYMENT_TARGET = 18.2;
				LOCALIZATION_PREFERS_STRING_CATALOGS = YES;
				MTL_ENABLE_DEBUG_INFO = INCLUDE_SOURCE;
				MTL_FAST_MATH = YES;
				ONLY_ACTIVE_ARCH = YES;
				SDKROOT = iphoneos;
				SWIFT_ACTIVE_COMPILATION_CONDITIONS = "DEBUG $(inherited)";
				SWIFT_OPTIMIZATION_LEVEL = "-Onone";
			};
			name = Debug;
		};
		6B7183472D3A3F4F004C6DEA /* Release */ = {
			isa = XCBuildConfiguration;
			buildSettings = {
				ALWAYS_SEARCH_USER_PATHS = NO;
				ASSETCATALOG_COMPILER_GENERATE_SWIFT_ASSET_SYMBOL_EXTENSIONS = YES;
				CLANG_ANALYZER_NONNULL = YES;
				CLANG_ANALYZER_NUMBER_OBJECT_CONVERSION = YES_AGGRESSIVE;
				CLANG_CXX_LANGUAGE_STANDARD = "gnu++20";
				CLANG_ENABLE_MODULES = YES;
				CLANG_ENABLE_OBJC_ARC = YES;
				CLANG_ENABLE_OBJC_WEAK = YES;
				CLANG_WARN_BLOCK_CAPTURE_AUTORELEASING = YES;
				CLANG_WARN_BOOL_CONVERSION = YES;
				CLANG_WARN_COMMA = YES;
				CLANG_WARN_CONSTANT_CONVERSION = YES;
				CLANG_WARN_DEPRECATED_OBJC_IMPLEMENTATIONS = YES;
				CLANG_WARN_DIRECT_OBJC_ISA_USAGE = YES_ERROR;
				CLANG_WARN_DOCUMENTATION_COMMENTS = YES;
				CLANG_WARN_EMPTY_BODY = YES;
				CLANG_WARN_ENUM_CONVERSION = YES;
				CLANG_WARN_INFINITE_RECURSION = YES;
				CLANG_WARN_INT_CONVERSION = YES;
				CLANG_WARN_NON_LITERAL_NULL_CONVERSION = YES;
				CLANG_WARN_OBJC_IMPLICIT_RETAIN_SELF = YES;
				CLANG_WARN_OBJC_LITERAL_CONVERSION = YES;
				CLANG_WARN_OBJC_ROOT_CLASS = YES_ERROR;
				CLANG_WARN_QUOTED_INCLUDE_IN_FRAMEWORK_HEADER = YES;
				CLANG_WARN_RANGE_LOOP_ANALYSIS = YES;
				CLANG_WARN_STRICT_PROTOTYPES = YES;
				CLANG_WARN_SUSPICIOUS_MOVE = YES;
				CLANG_WARN_UNGUARDED_AVAILABILITY = YES_AGGRESSIVE;
				CLANG_WARN_UNREACHABLE_CODE = YES;
				CLANG_WARN__DUPLICATE_METHOD_MATCH = YES;
				COPY_PHASE_STRIP = NO;
				DEBUG_INFORMATION_FORMAT = "dwarf-with-dsym";
				ENABLE_NS_ASSERTIONS = NO;
				ENABLE_STRICT_OBJC_MSGSEND = YES;
				ENABLE_USER_SCRIPT_SANDBOXING = YES;
				GCC_C_LANGUAGE_STANDARD = gnu17;
				GCC_NO_COMMON_BLOCKS = YES;
				GCC_WARN_64_TO_32_BIT_CONVERSION = YES;
				GCC_WARN_ABOUT_RETURN_TYPE = YES_ERROR;
				GCC_WARN_UNDECLARED_SELECTOR = YES;
				GCC_WARN_UNINITIALIZED_AUTOS = YES_AGGRESSIVE;
				GCC_WARN_UNUSED_FUNCTION = YES;
				GCC_WARN_UNUSED_VARIABLE = YES;
				IPHONEOS_DEPLOYMENT_TARGET = 18.2;
				LOCALIZATION_PREFERS_STRING_CATALOGS = YES;
				MTL_ENABLE_DEBUG_INFO = NO;
				MTL_FAST_MATH = YES;
				SDKROOT = iphoneos;
				SWIFT_COMPILATION_MODE = wholemodule;
				VALIDATE_PRODUCT = YES;
			};
			name = Release;
		};
		6B7183492D3A3F4F004C6DEA /* Debug */ = {
			isa = XCBuildConfiguration;
			buildSettings = {
				ASSETCATALOG_COMPILER_APPICON_NAME = AppIcon;
				ASSETCATALOG_COMPILER_GLOBAL_ACCENT_COLOR_NAME = AccentColor;
				CODE_SIGN_STYLE = Automatic;
				CURRENT_PROJECT_VERSION = 1;
				DEVELOPMENT_ASSET_PATHS = "\"ExpensesTracker/Preview Content\"";
				DEVELOPMENT_TEAM = 4W2S5L89AS;
				ENABLE_PREVIEWS = YES;
				GENERATE_INFOPLIST_FILE = YES;
				INFOPLIST_KEY_UIApplicationSceneManifest_Generation = YES;
				INFOPLIST_KEY_UIApplicationSupportsIndirectInputEvents = YES;
				INFOPLIST_KEY_UILaunchScreen_Generation = YES;
				INFOPLIST_KEY_UISupportedInterfaceOrientations_iPad = "UIInterfaceOrientationPortrait UIInterfaceOrientationPortraitUpsideDown UIInterfaceOrientationLandscapeLeft UIInterfaceOrientationLandscapeRight";
				INFOPLIST_KEY_UISupportedInterfaceOrientations_iPhone = "UIInterfaceOrientationPortrait UIInterfaceOrientationLandscapeLeft UIInterfaceOrientationLandscapeRight";
				LD_RUNPATH_SEARCH_PATHS = (
					"$(inherited)",
					"@executable_path/Frameworks",
				);
				MARKETING_VERSION = 1.0;
				PRODUCT_BUNDLE_IDENTIFIER = "lsotof-dev.ExpensesTracker";
				PRODUCT_NAME = "$(TARGET_NAME)";
				SWIFT_EMIT_LOC_STRINGS = YES;
				SWIFT_VERSION = 5.0;
				TARGETED_DEVICE_FAMILY = "1,2";
			};
			name = Debug;
		};
		6B71834A2D3A3F4F004C6DEA /* Release */ = {
			isa = XCBuildConfiguration;
			buildSettings = {
				ASSETCATALOG_COMPILER_APPICON_NAME = AppIcon;
				ASSETCATALOG_COMPILER_GLOBAL_ACCENT_COLOR_NAME = AccentColor;
				CODE_SIGN_STYLE = Automatic;
				CURRENT_PROJECT_VERSION = 1;
				DEVELOPMENT_ASSET_PATHS = "\"ExpensesTracker/Preview Content\"";
				DEVELOPMENT_TEAM = 4W2S5L89AS;
				ENABLE_PREVIEWS = YES;
				GENERATE_INFOPLIST_FILE = YES;
				INFOPLIST_KEY_UIApplicationSceneManifest_Generation = YES;
				INFOPLIST_KEY_UIApplicationSupportsIndirectInputEvents = YES;
				INFOPLIST_KEY_UILaunchScreen_Generation = YES;
				INFOPLIST_KEY_UISupportedInterfaceOrientations_iPad = "UIInterfaceOrientationPortrait UIInterfaceOrientationPortraitUpsideDown UIInterfaceOrientationLandscapeLeft UIInterfaceOrientationLandscapeRight";
				INFOPLIST_KEY_UISupportedInterfaceOrientations_iPhone = "UIInterfaceOrientationPortrait UIInterfaceOrientationLandscapeLeft UIInterfaceOrientationLandscapeRight";
				LD_RUNPATH_SEARCH_PATHS = (
					"$(inherited)",
					"@executable_path/Frameworks",
				);
				MARKETING_VERSION = 1.0;
				PRODUCT_BUNDLE_IDENTIFIER = "lsotof-dev.ExpensesTracker";
				PRODUCT_NAME = "$(TARGET_NAME)";
				SWIFT_EMIT_LOC_STRINGS = YES;
				SWIFT_VERSION = 5.0;
				TARGETED_DEVICE_FAMILY = "1,2";
			};
			name = Release;
		};
		6B71834C2D3A3F4F004C6DEA /* Debug */ = {
			isa = XCBuildConfiguration;
			buildSettings = {
				BUNDLE_LOADER = "$(TEST_HOST)";
				CODE_SIGN_STYLE = Automatic;
				CURRENT_PROJECT_VERSION = 1;
				DEVELOPMENT_TEAM = 4W2S5L89AS;
				GENERATE_INFOPLIST_FILE = YES;
				IPHONEOS_DEPLOYMENT_TARGET = 18.2;
				MARKETING_VERSION = 1.0;
				PRODUCT_BUNDLE_IDENTIFIER = "lsotof-dev.ExpensesTrackerTests";
				PRODUCT_NAME = "$(TARGET_NAME)";
				SWIFT_EMIT_LOC_STRINGS = NO;
				SWIFT_VERSION = 5.0;
				TARGETED_DEVICE_FAMILY = "1,2";
				TEST_HOST = "$(BUILT_PRODUCTS_DIR)/ExpensesTracker.app/$(BUNDLE_EXECUTABLE_FOLDER_PATH)/ExpensesTracker";
			};
			name = Debug;
		};
		6B71834D2D3A3F4F004C6DEA /* Release */ = {
			isa = XCBuildConfiguration;
			buildSettings = {
				BUNDLE_LOADER = "$(TEST_HOST)";
				CODE_SIGN_STYLE = Automatic;
				CURRENT_PROJECT_VERSION = 1;
				DEVELOPMENT_TEAM = 4W2S5L89AS;
				GENERATE_INFOPLIST_FILE = YES;
				IPHONEOS_DEPLOYMENT_TARGET = 18.2;
				MARKETING_VERSION = 1.0;
				PRODUCT_BUNDLE_IDENTIFIER = "lsotof-dev.ExpensesTrackerTests";
				PRODUCT_NAME = "$(TARGET_NAME)";
				SWIFT_EMIT_LOC_STRINGS = NO;
				SWIFT_VERSION = 5.0;
				TARGETED_DEVICE_FAMILY = "1,2";
				TEST_HOST = "$(BUILT_PRODUCTS_DIR)/ExpensesTracker.app/$(BUNDLE_EXECUTABLE_FOLDER_PATH)/ExpensesTracker";
			};
			name = Release;
		};
		6B71834F2D3A3F4F004C6DEA /* Debug */ = {
			isa = XCBuildConfiguration;
			buildSettings = {
				CODE_SIGN_STYLE = Automatic;
				CURRENT_PROJECT_VERSION = 1;
				DEVELOPMENT_TEAM = 4W2S5L89AS;
				GENERATE_INFOPLIST_FILE = YES;
				MARKETING_VERSION = 1.0;
				PRODUCT_BUNDLE_IDENTIFIER = "lsotof-dev.ExpensesTrackerUITests";
				PRODUCT_NAME = "$(TARGET_NAME)";
				SWIFT_EMIT_LOC_STRINGS = NO;
				SWIFT_VERSION = 5.0;
				TARGETED_DEVICE_FAMILY = "1,2";
				TEST_TARGET_NAME = ExpensesTracker;
			};
			name = Debug;
		};
		6B7183502D3A3F4F004C6DEA /* Release */ = {
			isa = XCBuildConfiguration;
			buildSettings = {
				CODE_SIGN_STYLE = Automatic;
				CURRENT_PROJECT_VERSION = 1;
				DEVELOPMENT_TEAM = 4W2S5L89AS;
				GENERATE_INFOPLIST_FILE = YES;
				MARKETING_VERSION = 1.0;
				PRODUCT_BUNDLE_IDENTIFIER = "lsotof-dev.ExpensesTrackerUITests";
				PRODUCT_NAME = "$(TARGET_NAME)";
				SWIFT_EMIT_LOC_STRINGS = NO;
				SWIFT_VERSION = 5.0;
				TARGETED_DEVICE_FAMILY = "1,2";
				TEST_TARGET_NAME = ExpensesTracker;
			};
			name = Release;
		};
/* End XCBuildConfiguration section */

/* Begin XCConfigurationList section */
		6B71831F2D3A3F4D004C6DEA /* Build configuration list for PBXProject "ExpensesTracker" */ = {
			isa = XCConfigurationList;
			buildConfigurations = (
				6B7183462D3A3F4F004C6DEA /* Debug */,
				6B7183472D3A3F4F004C6DEA /* Release */,
			);
			defaultConfigurationIsVisible = 0;
			defaultConfigurationName = Release;
		};
		6B7183482D3A3F4F004C6DEA /* Build configuration list for PBXNativeTarget "ExpensesTracker" */ = {
			isa = XCConfigurationList;
			buildConfigurations = (
				6B7183492D3A3F4F004C6DEA /* Debug */,
				6B71834A2D3A3F4F004C6DEA /* Release */,
			);
			defaultConfigurationIsVisible = 0;
			defaultConfigurationName = Release;
		};
		6B71834B2D3A3F4F004C6DEA /* Build configuration list for PBXNativeTarget "ExpensesTrackerTests" */ = {
			isa = XCConfigurationList;
			buildConfigurations = (
				6B71834C2D3A3F4F004C6DEA /* Debug */,
				6B71834D2D3A3F4F004C6DEA /* Release */,
			);
			defaultConfigurationIsVisible = 0;
			defaultConfigurationName = Release;
		};
		6B71834E2D3A3F4F004C6DEA /* Build configuration list for PBXNativeTarget "ExpensesTrackerUITests" */ = {
			isa = XCConfigurationList;
			buildConfigurations = (
				6B71834F2D3A3F4F004C6DEA /* Debug */,
				6B7183502D3A3F4F004C6DEA /* Release */,
			);
			defaultConfigurationIsVisible = 0;
			defaultConfigurationName = Release;
		};
/* End XCConfigurationList section */
	};
	rootObject = 6B71831C2D3A3F4D004C6DEA /* Project object */;
}
